
Microsoft Visual Studio Solution File, Format Version 12.00
# Visual Studio Version 16
VisualStudioVersion = 16.0.30907.101
MinimumVisualStudioVersion = 10.0.40219.1
Project("{FAE04EC0-301F-11D3-BF4B-00C04F79EFBC}") = "MvcFootballTeams", "MvcFootballTeams\MvcFootballTeams.csproj", "{4C6F54D6-EB8F-4CB0-A49E-10F58EA89176}"
EndProject
Global
	GlobalSection(SolutionConfigurationPlatforms) = preSolution
		Debug|Any CPU = Debug|Any CPU
		Release|Any CPU = Release|Any CPU
	EndGlobalSection
	GlobalSection(ProjectConfigurationPlatforms) = postSolution
		{4C6F54D6-EB8F-4CB0-A49E-10F58EA89176}.Debug|Any CPU.ActiveCfg = Debug|Any CPU
		{4C6F54D6-EB8F-4CB0-A49E-10F58EA89176}.Debug|Any CPU.Build.0 = Debug|Any CPU
		{4C6F54D6-EB8F-4CB0-A49E-10F58EA89176}.Release|Any CPU.ActiveCfg = Release|Any CPU
		{4C6F54D6-EB8F-4CB0-A49E-10F58EA89176}.Release|Any CPU.Build.0 = Release|Any CPU
	EndGlobalSection
	GlobalSection(SolutionProperties) = preSolution
		HideSolutionNode = FALSE
	EndGlobalSection
	GlobalSection(ExtensibilityGlobals) = postSolution
		SolutionGuid = {7A355CAB-5E29-4BDB-8B22-332B8A5D658C}
	EndGlobalSection
EndGlobal
